// !$*UTF8*$!
{
	archiveVersion = 1;
	classes = {
	};
	objectVersion = 55;
	objects = {

/* Begin PBXBuildFile section */
		734524BD28156C36007C717B /* Utilities.swift in Sources */ = {isa = PBXBuildFile; fileRef = 734524BC28156C36007C717B /* Utilities.swift */; };
		734524C02815C12F007C717B /* WeatherAPI.swift in Sources */ = {isa = PBXBuildFile; fileRef = 734524BF2815C12F007C717B /* WeatherAPI.swift */; };
		734524C32815C49D007C717B /* Alamofire in Frameworks */ = {isa = PBXBuildFile; productRef = 734524C22815C49D007C717B /* Alamofire */; };
		734524C52815D32C007C717B /* Vreme.swift in Sources */ = {isa = PBXBuildFile; fileRef = 734524C42815D32C007C717B /* Vreme.swift */; };
		73896A2328147D6100D89867 /* AppDelegate.swift in Sources */ = {isa = PBXBuildFile; fileRef = 73896A2228147D6100D89867 /* AppDelegate.swift */; };
		73896A2528147D6100D89867 /* SceneDelegate.swift in Sources */ = {isa = PBXBuildFile; fileRef = 73896A2428147D6100D89867 /* SceneDelegate.swift */; };
		73896A2728147D6100D89867 /* ViewController.swift in Sources */ = {isa = PBXBuildFile; fileRef = 73896A2628147D6100D89867 /* ViewController.swift */; };
		73896A2A28147D6100D89867 /* Main.storyboard in Resources */ = {isa = PBXBuildFile; fileRef = 73896A2828147D6100D89867 /* Main.storyboard */; };
		73896A2C28147D6100D89867 /* Assets.xcassets in Resources */ = {isa = PBXBuildFile; fileRef = 73896A2B28147D6100D89867 /* Assets.xcassets */; };
		73896A2F28147D6100D89867 /* LaunchScreen.storyboard in Resources */ = {isa = PBXBuildFile; fileRef = 73896A2D28147D6100D89867 /* LaunchScreen.storyboard */; };
		73896A3728147DCF00D89867 /* TipKoze.swift in Sources */ = {isa = PBXBuildFile; fileRef = 73896A3628147DCF00D89867 /* TipKoze.swift */; };
/* End PBXBuildFile section */

/* Begin PBXFileReference section */
		734524BC28156C36007C717B /* Utilities.swift */ = {isa = PBXFileReference; lastKnownFileType = sourcecode.swift; path = Utilities.swift; sourceTree = "<group>"; };
		734524BF2815C12F007C717B /* WeatherAPI.swift */ = {isa = PBXFileReference; lastKnownFileType = sourcecode.swift; path = WeatherAPI.swift; sourceTree = "<group>"; };
		734524C42815D32C007C717B /* Vreme.swift */ = {isa = PBXFileReference; lastKnownFileType = sourcecode.swift; path = Vreme.swift; sourceTree = "<group>"; };
		73896A1F28147D6100D89867 /* SunPower.app */ = {isa = PBXFileReference; explicitFileType = wrapper.application; includeInIndex = 0; path = SunPower.app; sourceTree = BUILT_PRODUCTS_DIR; };
		73896A2228147D6100D89867 /* AppDelegate.swift */ = {isa = PBXFileReference; lastKnownFileType = sourcecode.swift; path = AppDelegate.swift; sourceTree = "<group>"; };
		73896A2428147D6100D89867 /* SceneDelegate.swift */ = {isa = PBXFileReference; lastKnownFileType = sourcecode.swift; path = SceneDelegate.swift; sourceTree = "<group>"; };
		73896A2628147D6100D89867 /* ViewController.swift */ = {isa = PBXFileReference; lastKnownFileType = sourcecode.swift; path = ViewController.swift; sourceTree = "<group>"; };
		73896A2928147D6100D89867 /* Base */ = {isa = PBXFileReference; lastKnownFileType = file.storyboard; name = Base; path = Base.lproj/Main.storyboard; sourceTree = "<group>"; };
		73896A2B28147D6100D89867 /* Assets.xcassets */ = {isa = PBXFileReference; lastKnownFileType = folder.assetcatalog; path = Assets.xcassets; sourceTree = "<group>"; };
		73896A2E28147D6100D89867 /* Base */ = {isa = PBXFileReference; lastKnownFileType = file.storyboard; name = Base; path = Base.lproj/LaunchScreen.storyboard; sourceTree = "<group>"; };
		73896A3028147D6100D89867 /* Info.plist */ = {isa = PBXFileReference; lastKnownFileType = text.plist.xml; path = Info.plist; sourceTree = "<group>"; };
		73896A3628147DCF00D89867 /* TipKoze.swift */ = {isa = PBXFileReference; lastKnownFileType = sourcecode.swift; path = TipKoze.swift; sourceTree = "<group>"; };
/* End PBXFileReference section */

/* Begin PBXFrameworksBuildPhase section */
		73896A1C28147D6100D89867 /* Frameworks */ = {
			isa = PBXFrameworksBuildPhase;
			buildActionMask = 2147483647;
			files = (
				734524C32815C49D007C717B /* Alamofire in Frameworks */,
			);
			runOnlyForDeploymentPostprocessing = 0;
		};
/* End PBXFrameworksBuildPhase section */

/* Begin PBXGroup section */
		73896A1628147D6100D89867 = {
			isa = PBXGroup;
			children = (
				73896A2128147D6100D89867 /* SunPower */,
				73896A2028147D6100D89867 /* Products */,
			);
			sourceTree = "<group>";
		};
		73896A2028147D6100D89867 /* Products */ = {
			isa = PBXGroup;
			children = (
				73896A1F28147D6100D89867 /* SunPower.app */,
			);
			name = Products;
			sourceTree = "<group>";
		};
		73896A2128147D6100D89867 /* SunPower */ = {
			isa = PBXGroup;
			children = (
				73896A2228147D6100D89867 /* AppDelegate.swift */,
				73896A2428147D6100D89867 /* SceneDelegate.swift */,
				73896A2628147D6100D89867 /* ViewController.swift */,
				73896A2828147D6100D89867 /* Main.storyboard */,
				73896A2B28147D6100D89867 /* Assets.xcassets */,
				73896A2D28147D6100D89867 /* LaunchScreen.storyboard */,
				73896A3028147D6100D89867 /* Info.plist */,
				73896A3628147DCF00D89867 /* TipKoze.swift */,
				734524BC28156C36007C717B /* Utilities.swift */,
				734524BF2815C12F007C717B /* WeatherAPI.swift */,
				734524C42815D32C007C717B /* Vreme.swift */,
			);
			path = SunPower;
			sourceTree = "<group>";
		};
/* End PBXGroup section */

/* Begin PBXNativeTarget section */
		73896A1E28147D6100D89867 /* SunPower */ = {
			isa = PBXNativeTarget;
			buildConfigurationList = 73896A3328147D6100D89867 /* Build configuration list for PBXNativeTarget "SunPower" */;
			buildPhases = (
				73896A1B28147D6100D89867 /* Sources */,
				73896A1C28147D6100D89867 /* Frameworks */,
				73896A1D28147D6100D89867 /* Resources */,
			);
			buildRules = (
			);
			dependencies = (
			);
			name = SunPower;
			packageProductDependencies = (
				734524C22815C49D007C717B /* Alamofire */,
			);
			productName = SunPower;
			productReference = 73896A1F28147D6100D89867 /* SunPower.app */;
			productType = "com.apple.product-type.application";
		};
/* End PBXNativeTarget section */

/* Begin PBXProject section */
		73896A1728147D6100D89867 /* Project object */ = {
			isa = PBXProject;
			attributes = {
				BuildIndependentTargetsInParallel = 1;
				LastSwiftUpdateCheck = 1330;
				LastUpgradeCheck = 1330;
				TargetAttributes = {
					73896A1E28147D6100D89867 = {
						CreatedOnToolsVersion = 13.3.1;
					};
				};
			};
			buildConfigurationList = 73896A1A28147D6100D89867 /* Build configuration list for PBXProject "SunPower" */;
			compatibilityVersion = "Xcode 13.0";
			developmentRegion = en;
			hasScannedForEncodings = 0;
			knownRegions = (
				en,
				Base,
			);
			mainGroup = 73896A1628147D6100D89867;
			packageReferences = (
				734524C12815C49D007C717B /* XCRemoteSwiftPackageReference "Alamofire" */,
			);
			productRefGroup = 73896A2028147D6100D89867 /* Products */;
			projectDirPath = "";
			projectRoot = "";
			targets = (
				73896A1E28147D6100D89867 /* SunPower */,
			);
		};
/* End PBXProject section */

/* Begin PBXResourcesBuildPhase section */
		73896A1D28147D6100D89867 /* Resources */ = {
			isa = PBXResourcesBuildPhase;
			buildActionMask = 2147483647;
			files = (
				73896A2F28147D6100D89867 /* LaunchScreen.storyboard in Resources */,
				73896A2C28147D6100D89867 /* Assets.xcassets in Resources */,
				73896A2A28147D6100D89867 /* Main.storyboard in Resources */,
			);
			runOnlyForDeploymentPostprocessing = 0;
		};
/* End PBXResourcesBuildPhase section */

/* Begin PBXSourcesBuildPhase section */
		73896A1B28147D6100D89867 /* Sources */ = {
			isa = PBXSourcesBuildPhase;
			buildActionMask = 2147483647;
			files = (
				73896A2728147D6100D89867 /* ViewController.swift in Sources */,
				73896A2328147D6100D89867 /* AppDelegate.swift in Sources */,
				73896A3728147DCF00D89867 /* TipKoze.swift in Sources */,
				734524C02815C12F007C717B /* WeatherAPI.swift in Sources */,
				734524C52815D32C007C717B /* Vreme.swift in Sources */,
				734524BD28156C36007C717B /* Utilities.swift in Sources */,
				73896A2528147D6100D89867 /* SceneDelegate.swift in Sources */,
			);
			runOnlyForDeploymentPostprocessing = 0;
		};
/* End PBXSourcesBuildPhase section */

/* Begin PBXVariantGroup section */
		73896A2828147D6100D89867 /* Main.storyboard */ = {
			isa = PBXVariantGroup;
			children = (
				73896A2928147D6100D89867 /* Base */,
			);
			name = Main.storyboard;
			sourceTree = "<group>";
		};
		73896A2D28147D6100D89867 /* LaunchScreen.storyboard */ = {
			isa = PBXVariantGroup;
			children = (
				73896A2E28147D6100D89867 /* Base */,
			);
			name = LaunchScreen.storyboard;
			sourceTree = "<group>";
		};
/* End PBXVariantGroup section */

/* Begin XCBuildConfiguration section */
		73896A3128147D6100D89867 /* Debug */ = {
			isa = XCBuildConfiguration;
			buildSettings = {
				ALWAYS_SEARCH_USER_PATHS = NO;
				CLANG_ANALYZER_NONNULL = YES;
				CLANG_ANALYZER_NUMBER_OBJECT_CONVERSION = YES_AGGRESSIVE;
				CLANG_CXX_LANGUAGE_STANDARD = "gnu++17";
				CLANG_ENABLE_MODULES = YES;
				CLANG_ENABLE_OBJC_ARC = YES;
				CLANG_ENABLE_OBJC_WEAK = YES;
				CLANG_WARN_BLOCK_CAPTURE_AUTORELEASING = YES;
				CLANG_WARN_BOOL_CONVERSION = YES;
				CLANG_WARN_COMMA = YES;
				CLANG_WARN_CONSTANT_CONVERSION = YES;
				CLANG_WARN_DEPRECATED_OBJC_IMPLEMENTATIONS = YES;
				CLANG_WARN_DIRECT_OBJC_ISA_USAGE = YES_ERROR;
				CLANG_WARN_DOCUMENTATION_COMMENTS = YES;
				CLANG_WARN_EMPTY_BODY = YES;
				CLANG_WARN_ENUM_CONVERSION = YES;
				CLANG_WARN_INFINITE_RECURSION = YES;
				CLANG_WARN_INT_CONVERSION = YES;
				CLANG_WARN_NON_LITERAL_NULL_CONVERSION = YES;
				CLANG_WARN_OBJC_IMPLICIT_RETAIN_SELF = YES;
				CLANG_WARN_OBJC_LITERAL_CONVERSION = YES;
				CLANG_WARN_OBJC_ROOT_CLASS = YES_ERROR;
				CLANG_WARN_QUOTED_INCLUDE_IN_FRAMEWORK_HEADER = YES;
				CLANG_WARN_RANGE_LOOP_ANALYSIS = YES;
				CLANG_WARN_STRICT_PROTOTYPES = YES;
				CLANG_WARN_SUSPICIOUS_MOVE = YES;
				CLANG_WARN_UNGUARDED_AVAILABILITY = YES_AGGRESSIVE;
				CLANG_WARN_UNREACHABLE_CODE = YES;
				CLANG_WARN__DUPLICATE_METHOD_MATCH = YES;
				COPY_PHASE_STRIP = NO;
				DEBUG_INFORMATION_FORMAT = dwarf;
				ENABLE_STRICT_OBJC_MSGSEND = YES;
				ENABLE_TESTABILITY = YES;
				GCC_C_LANGUAGE_STANDARD = gnu11;
				GCC_DYNAMIC_NO_PIC = NO;
				GCC_NO_COMMON_BLOCKS = YES;
				GCC_OPTIMIZATION_LEVEL = 0;
				GCC_PREPROCESSOR_DEFINITIONS = (
					"DEBUG=1",
					"$(inherited)",
				);
				GCC_WARN_64_TO_32_BIT_CONVERSION = YES;
				GCC_WARN_ABOUT_RETURN_TYPE = YES_ERROR;
				GCC_WARN_UNDECLARED_SELECTOR = YES;
				GCC_WARN_UNINITIALIZED_AUTOS = YES_AGGRESSIVE;
				GCC_WARN_UNUSED_FUNCTION = YES;
				GCC_WARN_UNUSED_VARIABLE = YES;
				IPHONEOS_DEPLOYMENT_TARGET = 15.4;
				MTL_ENABLE_DEBUG_INFO = INCLUDE_SOURCE;
				MTL_FAST_MATH = YES;
				ONLY_ACTIVE_ARCH = YES;
				SDKROOT = iphoneos;
				SWIFT_ACTIVE_COMPILATION_CONDITIONS = DEBUG;
				SWIFT_OPTIMIZATION_LEVEL = "-Onone";
			};
			name = Debug;
		};
		73896A3228147D6100D89867 /* Release */ = {
			isa = XCBuildConfiguration;
			buildSettings = {
				ALWAYS_SEARCH_USER_PATHS = NO;
				CLANG_ANALYZER_NONNULL = YES;
				CLANG_ANALYZER_NUMBER_OBJECT_CONVERSION = YES_AGGRESSIVE;
				CLANG_CXX_LANGUAGE_STANDARD = "gnu++17";
				CLANG_ENABLE_MODULES = YES;
				CLANG_ENABLE_OBJC_ARC = YES;
				CLANG_ENABLE_OBJC_WEAK = YES;
				CLANG_WARN_BLOCK_CAPTURE_AUTORELEASING = YES;
				CLANG_WARN_BOOL_CONVERSION = YES;
				CLANG_WARN_COMMA = YES;
				CLANG_WARN_CONSTANT_CONVERSION = YES;
				CLANG_WARN_DEPRECATED_OBJC_IMPLEMENTATIONS = YES;
				CLANG_WARN_DIRECT_OBJC_ISA_USAGE = YES_ERROR;
				CLANG_WARN_DOCUMENTATION_COMMENTS = YES;
				CLANG_WARN_EMPTY_BODY = YES;
				CLANG_WARN_ENUM_CONVERSION = YES;
				CLANG_WARN_INFINITE_RECURSION = YES;
				CLANG_WARN_INT_CONVERSION = YES;
				CLANG_WARN_NON_LITERAL_NULL_CONVERSION = YES;
				CLANG_WARN_OBJC_IMPLICIT_RETAIN_SELF = YES;
				CLANG_WARN_OBJC_LITERAL_CONVERSION = YES;
				CLANG_WARN_OBJC_ROOT_CLASS = YES_ERROR;
				CLANG_WARN_QUOTED_INCLUDE_IN_FRAMEWORK_HEADER = YES;
				CLANG_WARN_RANGE_LOOP_ANALYSIS = YES;
				CLANG_WARN_STRICT_PROTOTYPES = YES;
				CLANG_WARN_SUSPICIOUS_MOVE = YES;
				CLANG_WARN_UNGUARDED_AVAILABILITY = YES_AGGRESSIVE;
				CLANG_WARN_UNREACHABLE_CODE = YES;
				CLANG_WARN__DUPLICATE_METHOD_MATCH = YES;
				COPY_PHASE_STRIP = NO;
				DEBUG_INFORMATION_FORMAT = "dwarf-with-dsym";
				ENABLE_NS_ASSERTIONS = NO;
				ENABLE_STRICT_OBJC_MSGSEND = YES;
				GCC_C_LANGUAGE_STANDARD = gnu11;
				GCC_NO_COMMON_BLOCKS = YES;
				GCC_WARN_64_TO_32_BIT_CONVERSION = YES;
				GCC_WARN_ABOUT_RETURN_TYPE = YES_ERROR;
				GCC_WARN_UNDECLARED_SELECTOR = YES;
				GCC_WARN_UNINITIALIZED_AUTOS = YES_AGGRESSIVE;
				GCC_WARN_UNUSED_FUNCTION = YES;
				GCC_WARN_UNUSED_VARIABLE = YES;
				IPHONEOS_DEPLOYMENT_TARGET = 15.4;
				MTL_ENABLE_DEBUG_INFO = NO;
				MTL_FAST_MATH = YES;
				SDKROOT = iphoneos;
				SWIFT_COMPILATION_MODE = wholemodule;
				SWIFT_OPTIMIZATION_LEVEL = "-O";
				VALIDATE_PRODUCT = YES;
			};
			name = Release;
		};
		73896A3428147D6100D89867 /* Debug */ = {
			isa = XCBuildConfiguration;
			buildSettings = {
				ASSETCATALOG_COMPILER_APPICON_NAME = AppIcon;
				ASSETCATALOG_COMPILER_GLOBAL_ACCENT_COLOR_NAME = AccentColor;
				CODE_SIGN_STYLE = Automatic;
				CURRENT_PROJECT_VERSION = 1;
				DEVELOPMENT_TEAM = PS8D7XGYJQ;
				GENERATE_INFOPLIST_FILE = YES;
				INFOPLIST_FILE = SunPower/Info.plist;
				INFOPLIST_KEY_NSLocationWhenInUseUsageDescription = "Potrebna lokacija radi UV podataka";
				INFOPLIST_KEY_UIApplicationSupportsIndirectInputEvents = YES;
				INFOPLIST_KEY_UILaunchStoryboardName = LaunchScreen;
				INFOPLIST_KEY_UIMainStoryboardFile = Main;
				INFOPLIST_KEY_UIRequiredDeviceCapabilities = "location-services";
				INFOPLIST_KEY_UISupportedInterfaceOrientations = "UIInterfaceOrientationPortrait UIInterfaceOrientationLandscapeRight UIInterfaceOrientationLandscapeLeft";
				INFOPLIST_KEY_UISupportedInterfaceOrientations_iPad = "UIInterfaceOrientationPortrait UIInterfaceOrientationPortraitUpsideDown UIInterfaceOrientationLandscapeLeft UIInterfaceOrientationLandscapeRight";
				INFOPLIST_KEY_UISupportedInterfaceOrientations_iPhone = "UIInterfaceOrientationPortrait UIInterfaceOrientationLandscapeLeft UIInterfaceOrientationLandscapeRight";
				LD_RUNPATH_SEARCH_PATHS = (
					"$(inherited)",
					"@executable_path/Frameworks",
				);
				MARKETING_VERSION = 1.0;
				PRODUCT_BUNDLE_IDENTIFIER = com.aleksamiskovic.SunPower;
				PRODUCT_NAME = "$(TARGET_NAME)";
				SWIFT_EMIT_LOC_STRINGS = YES;
				SWIFT_VERSION = 5.0;
				TARGETED_DEVICE_FAMILY = "1,2";
			};
			name = Debug;
		};
		73896A3528147D6100D89867 /* Release */ = {
			isa = XCBuildConfiguration;
			buildSettings = {
				ASSETCATALOG_COMPILER_APPICON_NAME = AppIcon;
				ASSETCATALOG_COMPILER_GLOBAL_ACCENT_COLOR_NAME = AccentColor;
				CODE_SIGN_STYLE = Automatic;
				CURRENT_PROJECT_VERSION = 1;
				DEVELOPMENT_TEAM = PS8D7XGYJQ;
				GENERATE_INFOPLIST_FILE = YES;
				INFOPLIST_FILE = SunPower/Info.plist;
				INFOPLIST_KEY_NSLocationWhenInUseUsageDescription = "Potrebna lokacija radi UV podataka";
				INFOPLIST_KEY_UIApplicationSupportsIndirectInputEvents = YES;
				INFOPLIST_KEY_UILaunchStoryboardName = LaunchScreen;
				INFOPLIST_KEY_UIMainStoryboardFile = Main;
				INFOPLIST_KEY_UIRequiredDeviceCapabilities = "location-services";
				INFOPLIST_KEY_UISupportedInterfaceOrientations = "UIInterfaceOrientationPortrait UIInterfaceOrientationLandscapeRight UIInterfaceOrientationLandscapeLeft";
				INFOPLIST_KEY_UISupportedInterfaceOrientations_iPad = "UIInterfaceOrientationPortrait UIInterfaceOrientationPortraitUpsideDown UIInterfaceOrientationLandscapeLeft UIInterfaceOrientationLandscapeRight";
				INFOPLIST_KEY_UISupportedInterfaceOrientations_iPhone = "UIInterfaceOrientationPortrait UIInterfaceOrientationLandscapeLeft UIInterfaceOrientationLandscapeRight";
				LD_RUNPATH_SEARCH_PATHS = (
					"$(inherited)",
					"@executable_path/Frameworks",
				);
				MARKETING_VERSION = 1.0;
				PRODUCT_BUNDLE_IDENTIFIER = com.aleksamiskovic.SunPower;
				PRODUCT_NAME = "$(TARGET_NAME)";
				SWIFT_EMIT_LOC_STRINGS = YES;
				SWIFT_VERSION = 5.0;
				TARGETED_DEVICE_FAMILY = "1,2";
			};
			name = Release;
		};
/* End XCBuildConfiguration section */

/* Begin XCConfigurationList section */
		73896A1A28147D6100D89867 /* Build configuration list for PBXProject "SunPower" */ = {
			isa = XCConfigurationList;
			buildConfigurations = (
				73896A3128147D6100D89867 /* Debug */,
				73896A3228147D6100D89867 /* Release */,
			);
			defaultConfigurationIsVisible = 0;
			defaultConfigurationName = Release;
		};
		73896A3328147D6100D89867 /* Build configuration list for PBXNativeTarget "SunPower" */ = {
			isa = XCConfigurationList;
			buildConfigurations = (
				73896A3428147D6100D89867 /* Debug */,
				73896A3528147D6100D89867 /* Release */,
			);
			defaultConfigurationIsVisible = 0;
			defaultConfigurationName = Release;
		};
/* End XCConfigurationList section */

/* Begin XCRemoteSwiftPackageReference section */
		734524C12815C49D007C717B /* XCRemoteSwiftPackageReference "Alamofire" */ = {
			isa = XCRemoteSwiftPackageReference;
			repositoryURL = "https://github.com/Alamofire/Alamofire.git";
			requirement = {
				kind = upToNextMajorVersion;
				minimumVersion = 5.0.0;
			};
		};
/* End XCRemoteSwiftPackageReference section */

/* Begin XCSwiftPackageProductDependency section */
		734524C22815C49D007C717B /* Alamofire */ = {
			isa = XCSwiftPackageProductDependency;
			package = 734524C12815C49D007C717B /* XCRemoteSwiftPackageReference "Alamofire" */;
			productName = Alamofire;
		};
/* End XCSwiftPackageProductDependency section */
	};
	rootObject = 73896A1728147D6100D89867 /* Project object */;
}
